// !$*UTF8*$!
{
	archiveVersion = 1;
	classes = {
	};
	objectVersion = 46;
	objects = {

/* Begin PBXBuildFile section */
		3E1C8F151CAE734100BA54BE /* PayUWebViewResponse.m in Sources */ = {isa = PBXBuildFile; fileRef = 3E1C8F141CAE734100BA54BE /* PayUWebViewResponse.m */; };
		3EC9F93A1C99547C0018CA68 /* main.m in Sources */ = {isa = PBXBuildFile; fileRef = 3EC9F9391C99547C0018CA68 /* main.m */; };
		3EC9F93D1C99547C0018CA68 /* AppDelegate.m in Sources */ = {isa = PBXBuildFile; fileRef = 3EC9F93C1C99547C0018CA68 /* AppDelegate.m */; };
		3EC9F9451C99547C0018CA68 /* Assets.xcassets in Resources */ = {isa = PBXBuildFile; fileRef = 3EC9F9441C99547C0018CA68 /* Assets.xcassets */; };
		3EC9F9481C99547C0018CA68 /* LaunchScreen.storyboard in Resources */ = {isa = PBXBuildFile; fileRef = 3EC9F9461C99547C0018CA68 /* LaunchScreen.storyboard */; };
		3EC9F9531C99547C0018CA68 /* PayUmoneyCheckoutWebViewTests.m in Sources */ = {isa = PBXBuildFile; fileRef = 3EC9F9521C99547C0018CA68 /* PayUmoneyCheckoutWebViewTests.m */; };
		3EC9F95E1C99547C0018CA68 /* PayUmoneyCheckoutWebViewUITests.m in Sources */ = {isa = PBXBuildFile; fileRef = 3EC9F95D1C99547C0018CA68 /* PayUmoneyCheckoutWebViewUITests.m */; };
		3EC9F96E1C9954FA0018CA68 /* HomeViewController.m in Sources */ = {isa = PBXBuildFile; fileRef = 3EC9F96C1C9954FA0018CA68 /* HomeViewController.m */; };
		3EC9F96F1C9954FA0018CA68 /* HomeViewController.xib in Resources */ = {isa = PBXBuildFile; fileRef = 3EC9F96D1C9954FA0018CA68 /* HomeViewController.xib */; };
		3EC9F9731C9957190018CA68 /* PayUResultWebViewController.m in Sources */ = {isa = PBXBuildFile; fileRef = 3EC9F9711C9957190018CA68 /* PayUResultWebViewController.m */; };
		3EC9F9741C9957190018CA68 /* PayUResultWebViewController.xib in Resources */ = {isa = PBXBuildFile; fileRef = 3EC9F9721C9957190018CA68 /* PayUResultWebViewController.xib */; };
		3EC9F97B1C9ABF6D0018CA68 /* WebViewJavascriptBridge.js.txt in Resources */ = {isa = PBXBuildFile; fileRef = 3EC9F9771C9ABF6D0018CA68 /* WebViewJavascriptBridge.js.txt */; };
		3EC9F97C1C9ABF6D0018CA68 /* WebViewJavascriptBridge.m in Sources */ = {isa = PBXBuildFile; fileRef = 3EC9F9781C9ABF6D0018CA68 /* WebViewJavascriptBridge.m */; };
		3EC9F97D1C9ABF6D0018CA68 /* WebViewJavascriptBridgeBase.m in Sources */ = {isa = PBXBuildFile; fileRef = 3EC9F97A1C9ABF6D0018CA68 /* WebViewJavascriptBridgeBase.m */; };
/* End PBXBuildFile section */

/* Begin PBXContainerItemProxy section */
		3EC9F94F1C99547C0018CA68 /* PBXContainerItemProxy */ = {
			isa = PBXContainerItemProxy;
			containerPortal = 3EC9F92D1C99547C0018CA68 /* Project object */;
			proxyType = 1;
			remoteGlobalIDString = 3EC9F9341C99547C0018CA68;
			remoteInfo = PayUmoneyCheckoutWebView;
		};
		3EC9F95A1C99547C0018CA68 /* PBXContainerItemProxy */ = {
			isa = PBXContainerItemProxy;
			containerPortal = 3EC9F92D1C99547C0018CA68 /* Project object */;
			proxyType = 1;
			remoteGlobalIDString = 3EC9F9341C99547C0018CA68;
			remoteInfo = PayUmoneyCheckoutWebView;
		};
/* End PBXContainerItemProxy section */

/* Begin PBXFileReference section */
		3E1C8F131CAE734100BA54BE /* PayUWebViewResponse.h */ = {isa = PBXFileReference; fileEncoding = 4; lastKnownFileType = sourcecode.c.h; path = PayUWebViewResponse.h; sourceTree = "<group>"; };
		3E1C8F141CAE734100BA54BE /* PayUWebViewResponse.m */ = {isa = PBXFileReference; fileEncoding = 4; lastKnownFileType = sourcecode.c.objc; path = PayUWebViewResponse.m; sourceTree = "<group>"; };
		3EC9F9351C99547C0018CA68 /* PayUmoneyWebView.app */ = {isa = PBXFileReference; explicitFileType = wrapper.application; includeInIndex = 0; path = PayUmoneyWebView.app; sourceTree = BUILT_PRODUCTS_DIR; };
		3EC9F9391C99547C0018CA68 /* main.m */ = {isa = PBXFileReference; lastKnownFileType = sourcecode.c.objc; path = main.m; sourceTree = "<group>"; };
		3EC9F93B1C99547C0018CA68 /* AppDelegate.h */ = {isa = PBXFileReference; lastKnownFileType = sourcecode.c.h; path = AppDelegate.h; sourceTree = "<group>"; };
		3EC9F93C1C99547C0018CA68 /* AppDelegate.m */ = {isa = PBXFileReference; lastKnownFileType = sourcecode.c.objc; path = AppDelegate.m; sourceTree = "<group>"; };
		3EC9F9441C99547C0018CA68 /* Assets.xcassets */ = {isa = PBXFileReference; lastKnownFileType = folder.assetcatalog; path = Assets.xcassets; sourceTree = "<group>"; };
		3EC9F9471C99547C0018CA68 /* Base */ = {isa = PBXFileReference; lastKnownFileType = file.storyboard; name = Base; path = Base.lproj/LaunchScreen.storyboard; sourceTree = "<group>"; };
		3EC9F9491C99547C0018CA68 /* Info.plist */ = {isa = PBXFileReference; lastKnownFileType = text.plist.xml; path = Info.plist; sourceTree = "<group>"; };
		3EC9F94E1C99547C0018CA68 /* PayUmoneyWebView.xctest */ = {isa = PBXFileReference; explicitFileType = wrapper.cfbundle; includeInIndex = 0; path = PayUmoneyWebView.xctest; sourceTree = BUILT_PRODUCTS_DIR; };
		3EC9F9521C99547C0018CA68 /* PayUmoneyCheckoutWebViewTests.m */ = {isa = PBXFileReference; lastKnownFileType = sourcecode.c.objc; path = PayUmoneyCheckoutWebViewTests.m; sourceTree = "<group>"; };
		3EC9F9541C99547C0018CA68 /* Info.plist */ = {isa = PBXFileReference; lastKnownFileType = text.plist.xml; path = Info.plist; sourceTree = "<group>"; };
		3EC9F9591C99547C0018CA68 /* PayUmoneyWebView.xctest */ = {isa = PBXFileReference; explicitFileType = wrapper.cfbundle; includeInIndex = 0; path = PayUmoneyWebView.xctest; sourceTree = BUILT_PRODUCTS_DIR; };
		3EC9F95D1C99547C0018CA68 /* PayUmoneyCheckoutWebViewUITests.m */ = {isa = PBXFileReference; lastKnownFileType = sourcecode.c.objc; path = PayUmoneyCheckoutWebViewUITests.m; sourceTree = "<group>"; };
		3EC9F95F1C99547C0018CA68 /* Info.plist */ = {isa = PBXFileReference; lastKnownFileType = text.plist.xml; path = Info.plist; sourceTree = "<group>"; };
		3EC9F96B1C9954FA0018CA68 /* HomeViewController.h */ = {isa = PBXFileReference; fileEncoding = 4; lastKnownFileType = sourcecode.c.h; path = HomeViewController.h; sourceTree = "<group>"; };
		3EC9F96C1C9954FA0018CA68 /* HomeViewController.m */ = {isa = PBXFileReference; fileEncoding = 4; lastKnownFileType = sourcecode.c.objc; path = HomeViewController.m; sourceTree = "<group>"; };
		3EC9F96D1C9954FA0018CA68 /* HomeViewController.xib */ = {isa = PBXFileReference; fileEncoding = 4; lastKnownFileType = file.xib; path = HomeViewController.xib; sourceTree = "<group>"; };
		3EC9F9701C9957190018CA68 /* PayUResultWebViewController.h */ = {isa = PBXFileReference; fileEncoding = 4; lastKnownFileType = sourcecode.c.h; path = PayUResultWebViewController.h; sourceTree = "<group>"; };
		3EC9F9711C9957190018CA68 /* PayUResultWebViewController.m */ = {isa = PBXFileReference; fileEncoding = 4; lastKnownFileType = sourcecode.c.objc; path = PayUResultWebViewController.m; sourceTree = "<group>"; };
		3EC9F9721C9957190018CA68 /* PayUResultWebViewController.xib */ = {isa = PBXFileReference; fileEncoding = 4; lastKnownFileType = file.xib; path = PayUResultWebViewController.xib; sourceTree = "<group>"; };
		3EC9F9761C9ABF6D0018CA68 /* WebViewJavascriptBridge.h */ = {isa = PBXFileReference; fileEncoding = 4; lastKnownFileType = sourcecode.c.h; path = WebViewJavascriptBridge.h; sourceTree = "<group>"; };
		3EC9F9771C9ABF6D0018CA68 /* WebViewJavascriptBridge.js.txt */ = {isa = PBXFileReference; fileEncoding = 4; lastKnownFileType = text; path = WebViewJavascriptBridge.js.txt; sourceTree = "<group>"; };
		3EC9F9781C9ABF6D0018CA68 /* WebViewJavascriptBridge.m */ = {isa = PBXFileReference; fileEncoding = 4; lastKnownFileType = sourcecode.c.objc; path = WebViewJavascriptBridge.m; sourceTree = "<group>"; };
		3EC9F9791C9ABF6D0018CA68 /* WebViewJavascriptBridgeBase.h */ = {isa = PBXFileReference; fileEncoding = 4; lastKnownFileType = sourcecode.c.h; path = WebViewJavascriptBridgeBase.h; sourceTree = "<group>"; };
		3EC9F97A1C9ABF6D0018CA68 /* WebViewJavascriptBridgeBase.m */ = {isa = PBXFileReference; fileEncoding = 4; lastKnownFileType = sourcecode.c.objc; path = WebViewJavascriptBridgeBase.m; sourceTree = "<group>"; };
/* End PBXFileReference section */

/* Begin PBXFrameworksBuildPhase section */
		3EC9F9321C99547C0018CA68 /* Frameworks */ = {
			isa = PBXFrameworksBuildPhase;
			buildActionMask = 2147483647;
			files = (
			);
			runOnlyForDeploymentPostprocessing = 0;
		};
		3EC9F94B1C99547C0018CA68 /* Frameworks */ = {
			isa = PBXFrameworksBuildPhase;
			buildActionMask = 2147483647;
			files = (
			);
			runOnlyForDeploymentPostprocessing = 0;
		};
		3EC9F9561C99547C0018CA68 /* Frameworks */ = {
			isa = PBXFrameworksBuildPhase;
			buildActionMask = 2147483647;
			files = (
			);
			runOnlyForDeploymentPostprocessing = 0;
		};
/* End PBXFrameworksBuildPhase section */

/* Begin PBXGroup section */
		3E1C8F121CAE734100BA54BE /* success:failure_URL_Methods */ = {
			isa = PBXGroup;
			children = (
				3E1C8F131CAE734100BA54BE /* PayUWebViewResponse.h */,
				3E1C8F141CAE734100BA54BE /* PayUWebViewResponse.m */,
			);
			path = "success:failure_URL_Methods";
			sourceTree = "<group>";
		};
		3EC9F92C1C99547C0018CA68 = {
			isa = PBXGroup;
			children = (
				3EC9F9371C99547C0018CA68 /* PayUmoneyWebView */,
				3EC9F9511C99547C0018CA68 /* PayUmoneyCheckoutWebViewTests */,
				3EC9F95C1C99547C0018CA68 /* PayUmoneyCheckoutWebViewUITests */,
				3EC9F9361C99547C0018CA68 /* Products */,
			);
			sourceTree = "<group>";
		};
		3EC9F9361C99547C0018CA68 /* Products */ = {
			isa = PBXGroup;
			children = (
				3EC9F9351C99547C0018CA68 /* PayUmoneyWebView.app */,
				3EC9F94E1C99547C0018CA68 /* PayUmoneyWebView.xctest */,
				3EC9F9591C99547C0018CA68 /* PayUmoneyWebView.xctest */,
			);
			name = Products;
			sourceTree = "<group>";
		};
		3EC9F9371C99547C0018CA68 /* PayUmoneyWebView */ = {
			isa = PBXGroup;
			children = (
				3EC9F93B1C99547C0018CA68 /* AppDelegate.h */,
				3EC9F93C1C99547C0018CA68 /* AppDelegate.m */,
				3EC9F96B1C9954FA0018CA68 /* HomeViewController.h */,
				3EC9F96C1C9954FA0018CA68 /* HomeViewController.m */,
				3EC9F96D1C9954FA0018CA68 /* HomeViewController.xib */,
				3EC9F9701C9957190018CA68 /* PayUResultWebViewController.h */,
				3EC9F9711C9957190018CA68 /* PayUResultWebViewController.m */,
				3EC9F9721C9957190018CA68 /* PayUResultWebViewController.xib */,
				3EC9F9441C99547C0018CA68 /* Assets.xcassets */,
				3EC9F9461C99547C0018CA68 /* LaunchScreen.storyboard */,
				3EC9F9491C99547C0018CA68 /* Info.plist */,
				3E1C8F121CAE734100BA54BE /* success:failure_URL_Methods */,
				3EC9F9751C9ABF6D0018CA68 /* WebViewJavascript Bridge */,
				3EC9F9381C99547C0018CA68 /* Supporting Files */,
			);
			name = PayUmoneyWebView;
			path = PayUmoneyCheckoutWebView;
			sourceTree = "<group>";
		};
		3EC9F9381C99547C0018CA68 /* Supporting Files */ = {
			isa = PBXGroup;
			children = (
				3EC9F9391C99547C0018CA68 /* main.m */,
			);
			name = "Supporting Files";
			sourceTree = "<group>";
		};
		3EC9F9511C99547C0018CA68 /* PayUmoneyCheckoutWebViewTests */ = {
			isa = PBXGroup;
			children = (
				3EC9F9521C99547C0018CA68 /* PayUmoneyCheckoutWebViewTests.m */,
				3EC9F9541C99547C0018CA68 /* Info.plist */,
			);
			path = PayUmoneyCheckoutWebViewTests;
			sourceTree = "<group>";
		};
		3EC9F95C1C99547C0018CA68 /* PayUmoneyCheckoutWebViewUITests */ = {
			isa = PBXGroup;
			children = (
				3EC9F95D1C99547C0018CA68 /* PayUmoneyCheckoutWebViewUITests.m */,
				3EC9F95F1C99547C0018CA68 /* Info.plist */,
			);
			path = PayUmoneyCheckoutWebViewUITests;
			sourceTree = "<group>";
		};
		3EC9F9751C9ABF6D0018CA68 /* WebViewJavascript Bridge */ = {
			isa = PBXGroup;
			children = (
				3EC9F9761C9ABF6D0018CA68 /* WebViewJavascriptBridge.h */,
				3EC9F9771C9ABF6D0018CA68 /* WebViewJavascriptBridge.js.txt */,
				3EC9F9781C9ABF6D0018CA68 /* WebViewJavascriptBridge.m */,
				3EC9F9791C9ABF6D0018CA68 /* WebViewJavascriptBridgeBase.h */,
				3EC9F97A1C9ABF6D0018CA68 /* WebViewJavascriptBridgeBase.m */,
			);
			path = "WebViewJavascript Bridge";
			sourceTree = "<group>";
		};
/* End PBXGroup section */

/* Begin PBXNativeTarget section */
		3EC9F9341C99547C0018CA68 /* PayUmoneyWebView */ = {
			isa = PBXNativeTarget;
			buildConfigurationList = 3EC9F9621C99547C0018CA68 /* Build configuration list for PBXNativeTarget "PayUmoneyWebView" */;
			buildPhases = (
				3EC9F9311C99547C0018CA68 /* Sources */,
				3EC9F9321C99547C0018CA68 /* Frameworks */,
				3EC9F9331C99547C0018CA68 /* Resources */,
			);
			buildRules = (
			);
			dependencies = (
			);
			name = PayUmoneyWebView;
			productName = PayUmoneyCheckoutWebView;
			productReference = 3EC9F9351C99547C0018CA68 /* PayUmoneyWebView.app */;
			productType = "com.apple.product-type.application";
		};
		3EC9F94D1C99547C0018CA68 /* PayUmoneyWebViewTests */ = {
			isa = PBXNativeTarget;
			buildConfigurationList = 3EC9F9651C99547C0018CA68 /* Build configuration list for PBXNativeTarget "PayUmoneyWebViewTests" */;
			buildPhases = (
				3EC9F94A1C99547C0018CA68 /* Sources */,
				3EC9F94B1C99547C0018CA68 /* Frameworks */,
				3EC9F94C1C99547C0018CA68 /* Resources */,
			);
			buildRules = (
			);
			dependencies = (
				3EC9F9501C99547C0018CA68 /* PBXTargetDependency */,
			);
			name = PayUmoneyWebViewTests;
			productName = PayUmoneyCheckoutWebViewTests;
			productReference = 3EC9F94E1C99547C0018CA68 /* PayUmoneyWebView.xctest */;
			productType = "com.apple.product-type.bundle.unit-test";
		};
		3EC9F9581C99547C0018CA68 /* PayUmoneyWebViewUITests */ = {
			isa = PBXNativeTarget;
			buildConfigurationList = 3EC9F9681C99547C0018CA68 /* Build configuration list for PBXNativeTarget "PayUmoneyWebViewUITests" */;
			buildPhases = (
				3EC9F9551C99547C0018CA68 /* Sources */,
				3EC9F9561C99547C0018CA68 /* Frameworks */,
				3EC9F9571C99547C0018CA68 /* Resources */,
			);
			buildRules = (
			);
			dependencies = (
				3EC9F95B1C99547C0018CA68 /* PBXTargetDependency */,
			);
			name = PayUmoneyWebViewUITests;
			productName = PayUmoneyCheckoutWebViewUITests;
			productReference = 3EC9F9591C99547C0018CA68 /* PayUmoneyWebView.xctest */;
			productType = "com.apple.product-type.bundle.ui-testing";
		};
/* End PBXNativeTarget section */

/* Begin PBXProject section */
		3EC9F92D1C99547C0018CA68 /* Project object */ = {
			isa = PBXProject;
			attributes = {
				LastUpgradeCheck = 0720;
				ORGANIZATIONNAME = "Ashish Kumar";
				TargetAttributes = {
					3EC9F9341C99547C0018CA68 = {
						CreatedOnToolsVersion = 7.2;
						DevelopmentTeam = 4AT8B8QSC8;
					};
					3EC9F94D1C99547C0018CA68 = {
						CreatedOnToolsVersion = 7.2;
						DevelopmentTeam = 4AT8B8QSC8;
						TestTargetID = 3EC9F9341C99547C0018CA68;
					};
					3EC9F9581C99547C0018CA68 = {
						CreatedOnToolsVersion = 7.2;
						DevelopmentTeam = 4AT8B8QSC8;
						TestTargetID = 3EC9F9341C99547C0018CA68;
					};
				};
			};
			buildConfigurationList = 3EC9F9301C99547C0018CA68 /* Build configuration list for PBXProject "PayUmoneyWebView" */;
			compatibilityVersion = "Xcode 3.2";
			developmentRegion = English;
			hasScannedForEncodings = 0;
			knownRegions = (
				en,
				Base,
			);
			mainGroup = 3EC9F92C1C99547C0018CA68;
			productRefGroup = 3EC9F9361C99547C0018CA68 /* Products */;
			projectDirPath = "";
			projectRoot = "";
			targets = (
				3EC9F9341C99547C0018CA68 /* PayUmoneyWebView */,
				3EC9F94D1C99547C0018CA68 /* PayUmoneyWebViewTests */,
				3EC9F9581C99547C0018CA68 /* PayUmoneyWebViewUITests */,
			);
		};
/* End PBXProject section */

/* Begin PBXResourcesBuildPhase section */
		3EC9F9331C99547C0018CA68 /* Resources */ = {
			isa = PBXResourcesBuildPhase;
			buildActionMask = 2147483647;
			files = (
				3EC9F97B1C9ABF6D0018CA68 /* WebViewJavascriptBridge.js.txt in Resources */,
				3EC9F9481C99547C0018CA68 /* LaunchScreen.storyboard in Resources */,
				3EC9F9451C99547C0018CA68 /* Assets.xcassets in Resources */,
				3EC9F96F1C9954FA0018CA68 /* HomeViewController.xib in Resources */,
				3EC9F9741C9957190018CA68 /* PayUResultWebViewController.xib in Resources */,
			);
			runOnlyForDeploymentPostprocessing = 0;
		};
		3EC9F94C1C99547C0018CA68 /* Resources */ = {
			isa = PBXResourcesBuildPhase;
			buildActionMask = 2147483647;
			files = (
			);
			runOnlyForDeploymentPostprocessing = 0;
		};
		3EC9F9571C99547C0018CA68 /* Resources */ = {
			isa = PBXResourcesBuildPhase;
			buildActionMask = 2147483647;
			files = (
			);
			runOnlyForDeploymentPostprocessing = 0;
		};
/* End PBXResourcesBuildPhase section */

/* Begin PBXSourcesBuildPhase section */
		3EC9F9311C99547C0018CA68 /* Sources */ = {
			isa = PBXSourcesBuildPhase;
			buildActionMask = 2147483647;
			files = (
				3EC9F93D1C99547C0018CA68 /* AppDelegate.m in Sources */,
				3EC9F93A1C99547C0018CA68 /* main.m in Sources */,
				3EC9F96E1C9954FA0018CA68 /* HomeViewController.m in Sources */,
				3E1C8F151CAE734100BA54BE /* PayUWebViewResponse.m in Sources */,
				3EC9F9731C9957190018CA68 /* PayUResultWebViewController.m in Sources */,
				3EC9F97D1C9ABF6D0018CA68 /* WebViewJavascriptBridgeBase.m in Sources */,
				3EC9F97C1C9ABF6D0018CA68 /* WebViewJavascriptBridge.m in Sources */,
			);
			runOnlyForDeploymentPostprocessing = 0;
		};
		3EC9F94A1C99547C0018CA68 /* Sources */ = {
			isa = PBXSourcesBuildPhase;
			buildActionMask = 2147483647;
			files = (
				3EC9F9531C99547C0018CA68 /* PayUmoneyCheckoutWebViewTests.m in Sources */,
			);
			runOnlyForDeploymentPostprocessing = 0;
		};
		3EC9F9551C99547C0018CA68 /* Sources */ = {
			isa = PBXSourcesBuildPhase;
			buildActionMask = 2147483647;
			files = (
				3EC9F95E1C99547C0018CA68 /* PayUmoneyCheckoutWebViewUITests.m in Sources */,
			);
			runOnlyForDeploymentPostprocessing = 0;
		};
/* End PBXSourcesBuildPhase section */

/* Begin PBXTargetDependency section */
		3EC9F9501C99547C0018CA68 /* PBXTargetDependency */ = {
			isa = PBXTargetDependency;
			target = 3EC9F9341C99547C0018CA68 /* PayUmoneyWebView */;
			targetProxy = 3EC9F94F1C99547C0018CA68 /* PBXContainerItemProxy */;
		};
		3EC9F95B1C99547C0018CA68 /* PBXTargetDependency */ = {
			isa = PBXTargetDependency;
			target = 3EC9F9341C99547C0018CA68 /* PayUmoneyWebView */;
			targetProxy = 3EC9F95A1C99547C0018CA68 /* PBXContainerItemProxy */;
		};
/* End PBXTargetDependency section */

/* Begin PBXVariantGroup section */
		3EC9F9461C99547C0018CA68 /* LaunchScreen.storyboard */ = {
			isa = PBXVariantGroup;
			children = (
				3EC9F9471C99547C0018CA68 /* Base */,
			);
			name = LaunchScreen.storyboard;
			sourceTree = "<group>";
		};
/* End PBXVariantGroup section */

/* Begin XCBuildConfiguration section */
		3EC9F9601C99547C0018CA68 /* Debug */ = {
			isa = XCBuildConfiguration;
			buildSettings = {
				ALWAYS_SEARCH_USER_PATHS = NO;
				CLANG_CXX_LANGUAGE_STANDARD = "gnu++0x";
				CLANG_CXX_LIBRARY = "libc++";
				CLANG_ENABLE_MODULES = YES;
				CLANG_ENABLE_OBJC_ARC = YES;
				CLANG_WARN_BOOL_CONVERSION = YES;
				CLANG_WARN_CONSTANT_CONVERSION = YES;
				CLANG_WARN_DIRECT_OBJC_ISA_USAGE = YES_ERROR;
				CLANG_WARN_EMPTY_BODY = YES;
				CLANG_WARN_ENUM_CONVERSION = YES;
				CLANG_WARN_INT_CONVERSION = YES;
				CLANG_WARN_OBJC_ROOT_CLASS = YES_ERROR;
				CLANG_WARN_UNREACHABLE_CODE = YES;
				CLANG_WARN__DUPLICATE_METHOD_MATCH = YES;
				"CODE_SIGN_IDENTITY[sdk=iphoneos*]" = "iPhone Developer";
				COPY_PHASE_STRIP = NO;
				DEBUG_INFORMATION_FORMAT = dwarf;
				ENABLE_STRICT_OBJC_MSGSEND = YES;
				ENABLE_TESTABILITY = YES;
				GCC_C_LANGUAGE_STANDARD = gnu99;
				GCC_DYNAMIC_NO_PIC = NO;
				GCC_NO_COMMON_BLOCKS = YES;
				GCC_OPTIMIZATION_LEVEL = 0;
				GCC_PREPROCESSOR_DEFINITIONS = (
					"DEBUG=1",
					"$(inherited)",
				);
				GCC_WARN_64_TO_32_BIT_CONVERSION = YES;
				GCC_WARN_ABOUT_RETURN_TYPE = YES_ERROR;
				GCC_WARN_UNDECLARED_SELECTOR = YES;
				GCC_WARN_UNINITIALIZED_AUTOS = YES_AGGRESSIVE;
				GCC_WARN_UNUSED_FUNCTION = YES;
				GCC_WARN_UNUSED_VARIABLE = YES;
				IPHONEOS_DEPLOYMENT_TARGET = 9.2;
				MTL_ENABLE_DEBUG_INFO = YES;
				ONLY_ACTIVE_ARCH = YES;
				SDKROOT = iphoneos;
			};
			name = Debug;
		};
		3EC9F9611C99547C0018CA68 /* Release */ = {
			isa = XCBuildConfiguration;
			buildSettings = {
				ALWAYS_SEARCH_USER_PATHS = NO;
				CLANG_CXX_LANGUAGE_STANDARD = "gnu++0x";
				CLANG_CXX_LIBRARY = "libc++";
				CLANG_ENABLE_MODULES = YES;
				CLANG_ENABLE_OBJC_ARC = YES;
				CLANG_WARN_BOOL_CONVERSION = YES;
				CLANG_WARN_CONSTANT_CONVERSION = YES;
				CLANG_WARN_DIRECT_OBJC_ISA_USAGE = YES_ERROR;
				CLANG_WARN_EMPTY_BODY = YES;
				CLANG_WARN_ENUM_CONVERSION = YES;
				CLANG_WARN_INT_CONVERSION = YES;
				CLANG_WARN_OBJC_ROOT_CLASS = YES_ERROR;
				CLANG_WARN_UNREACHABLE_CODE = YES;
				CLANG_WARN__DUPLICATE_METHOD_MATCH = YES;
				"CODE_SIGN_IDENTITY[sdk=iphoneos*]" = "iPhone Developer";
				COPY_PHASE_STRIP = NO;
				DEBUG_INFORMATION_FORMAT = "dwarf-with-dsym";
				ENABLE_NS_ASSERTIONS = NO;
				ENABLE_STRICT_OBJC_MSGSEND = YES;
				GCC_C_LANGUAGE_STANDARD = gnu99;
				GCC_NO_COMMON_BLOCKS = YES;
				GCC_WARN_64_TO_32_BIT_CONVERSION = YES;
				GCC_WARN_ABOUT_RETURN_TYPE = YES_ERROR;
				GCC_WARN_UNDECLARED_SELECTOR = YES;
				GCC_WARN_UNINITIALIZED_AUTOS = YES_AGGRESSIVE;
				GCC_WARN_UNUSED_FUNCTION = YES;
				GCC_WARN_UNUSED_VARIABLE = YES;
				IPHONEOS_DEPLOYMENT_TARGET = 9.2;
				MTL_ENABLE_DEBUG_INFO = NO;
				SDKROOT = iphoneos;
				VALIDATE_PRODUCT = YES;
			};
			name = Release;
		};
		3EC9F9631C99547C0018CA68 /* Debug */ = {
			isa = XCBuildConfiguration;
			buildSettings = {
				ASSETCATALOG_COMPILER_APPICON_NAME = AppIcon;
				INFOPLIST_FILE = PayUmoneyCheckoutWebView/Info.plist;
				IPHONEOS_DEPLOYMENT_TARGET = 7.0;
				LD_RUNPATH_SEARCH_PATHS = "$(inherited) @executable_path/Frameworks";
				LIBRARY_SEARCH_PATHS = (
					"$(inherited)",
					"$(SDKROOT)/usr/lib/system",
				);
				PRODUCT_BUNDLE_IDENTIFIER = payubiz.PayUmoneyCheckoutWebVieww;
				PRODUCT_NAME = PayUmoneyWebView;
			};
			name = Debug;
		};
		3EC9F9641C99547C0018CA68 /* Release */ = {
			isa = XCBuildConfiguration;
			buildSettings = {
				ASSETCATALOG_COMPILER_APPICON_NAME = AppIcon;
				INFOPLIST_FILE = PayUmoneyCheckoutWebView/Info.plist;
				IPHONEOS_DEPLOYMENT_TARGET = 7.0;
				LD_RUNPATH_SEARCH_PATHS = "$(inherited) @executable_path/Frameworks";
				LIBRARY_SEARCH_PATHS = (
					"$(inherited)",
					"$(SDKROOT)/usr/lib/system",
				);
				PRODUCT_BUNDLE_IDENTIFIER = payubiz.PayUmoneyCheckoutWebVieww;
				PRODUCT_NAME = PayUmoneyWebView;
			};
			name = Release;
		};
		3EC9F9661C99547C0018CA68 /* Debug */ = {
			isa = XCBuildConfiguration;
			buildSettings = {
				BUNDLE_LOADER = "$(TEST_HOST)";
				INFOPLIST_FILE = PayUmoneyCheckoutWebViewTests/Info.plist;
				LD_RUNPATH_SEARCH_PATHS = "$(inherited) @executable_path/Frameworks @loader_path/Frameworks";
				PRODUCT_BUNDLE_IDENTIFIER = payubiz.PayUmoneyCheckoutWebViewTests;
				PRODUCT_NAME = PayUmoneyWebView;
				TEST_HOST = "$(BUILT_PRODUCTS_DIR)/PayUmoneyWebView.app/PayUmoneyWebView";
			};
			name = Debug;
		};
		3EC9F9671C99547C0018CA68 /* Release */ = {
			isa = XCBuildConfiguration;
			buildSettings = {
				BUNDLE_LOADER = "$(TEST_HOST)";
				INFOPLIST_FILE = PayUmoneyCheckoutWebViewTests/Info.plist;
				LD_RUNPATH_SEARCH_PATHS = "$(inherited) @executable_path/Frameworks @loader_path/Frameworks";
				PRODUCT_BUNDLE_IDENTIFIER = payubiz.PayUmoneyCheckoutWebViewTests;
				PRODUCT_NAME = PayUmoneyWebView;
				TEST_HOST = "$(BUILT_PRODUCTS_DIR)/PayUmoneyWebView.app/PayUmoneyWebView";
			};
			name = Release;
		};
		3EC9F9691C99547C0018CA68 /* Debug */ = {
			isa = XCBuildConfiguration;
			buildSettings = {
				INFOPLIST_FILE = PayUmoneyCheckoutWebViewUITests/Info.plist;
				LD_RUNPATH_SEARCH_PATHS = "$(inherited) @executable_path/Frameworks @loader_path/Frameworks";
				PRODUCT_BUNDLE_IDENTIFIER = payubiz.PayUmoneyCheckoutWebViewUITests;
				PRODUCT_NAME = PayUmoneyWebView;
				TEST_TARGET_NAME = PayUmoneyCheckoutWebView;
				USES_XCTRUNNER = YES;
			};
			name = Debug;
		};
		3EC9F96A1C99547C0018CA68 /* Release */ = {
			isa = XCBuildConfiguration;
			buildSettings = {
				INFOPLIST_FILE = PayUmoneyCheckoutWebViewUITests/Info.plist;
				LD_RUNPATH_SEARCH_PATHS = "$(inherited) @executable_path/Frameworks @loader_path/Frameworks";
				PRODUCT_BUNDLE_IDENTIFIER = payubiz.PayUmoneyCheckoutWebViewUITests;
				PRODUCT_NAME = PayUmoneyWebView;
				TEST_TARGET_NAME = PayUmoneyCheckoutWebView;
				USES_XCTRUNNER = YES;
			};
			name = Release;
		};
/* End XCBuildConfiguration section */

/* Begin XCConfigurationList section */
		3EC9F9301C99547C0018CA68 /* Build configuration list for PBXProject "PayUmoneyWebView" */ = {
			isa = XCConfigurationList;
			buildConfigurations = (
				3EC9F9601C99547C0018CA68 /* Debug */,
				3EC9F9611C99547C0018CA68 /* Release */,
			);
			defaultConfigurationIsVisible = 0;
			defaultConfigurationName = Release;
		};
		3EC9F9621C99547C0018CA68 /* Build configuration list for PBXNativeTarget "PayUmoneyWebView" */ = {
			isa = XCConfigurationList;
			buildConfigurations = (
				3EC9F9631C99547C0018CA68 /* Debug */,
				3EC9F9641C99547C0018CA68 /* Release */,
			);
			defaultConfigurationIsVisible = 0;
			defaultConfigurationName = Release;
		};
		3EC9F9651C99547C0018CA68 /* Build configuration list for PBXNativeTarget "PayUmoneyWebViewTests" */ = {
			isa = XCConfigurationList;
			buildConfigurations = (
				3EC9F9661C99547C0018CA68 /* Debug */,
				3EC9F9671C99547C0018CA68 /* Release */,
			);
			defaultConfigurationIsVisible = 0;
			defaultConfigurationName = Release;
		};
		3EC9F9681C99547C0018CA68 /* Build configuration list for PBXNativeTarget "PayUmoneyWebViewUITests" */ = {
			isa = XCConfigurationList;
			buildConfigurations = (
				3EC9F9691C99547C0018CA68 /* Debug */,
				3EC9F96A1C99547C0018CA68 /* Release */,
			);
			defaultConfigurationIsVisible = 0;
			defaultConfigurationName = Release;
		};
/* End XCConfigurationList section */
	};
	rootObject = 3EC9F92D1C99547C0018CA68 /* Project object */;
}
